
Microsoft Visual Studio Solution File, Format Version 12.00
# Visual Studio Version 17
VisualStudioVersion = 17.3.32811.315
MinimumVisualStudioVersion = 10.0.40219.1
Project("{8BC9CEB8-8B4A-11D0-8D11-00A0C91BC942}") = "Monnink", "Monnink\Monnink.vcxproj", "{08DE412A-9CD6-432F-83B8-B6A1998DF8FC}"
EndProject
Global
	GlobalSection(SolutionConfigurationPlatforms) = preSolution
		Debug|x64 = Debug|x64
		Debug|x86 = Debug|x86
		Release|x64 = Release|x64
		Release|x86 = Release|x86
	EndGlobalSection
	GlobalSection(ProjectConfigurationPlatforms) = postSolution
		{08DE412A-9CD6-432F-83B8-B6A1998DF8FC}.Debug|x64.ActiveCfg = Debug|x64
		{08DE412A-9CD6-432F-83B8-B6A1998DF8FC}.Debug|x64.Build.0 = Debug|x64
		{08DE412A-9CD6-432F-83B8-B6A1998DF8FC}.Debug|x86.ActiveCfg = Debug|Win32
		{08DE412A-9CD6-432F-83B8-B6A1998DF8FC}.Debug|x86.Build.0 = Debug|Win32
		{08DE412A-9CD6-432F-83B8-B6A1998DF8FC}.Release|x64.ActiveCfg = Release|x64
		{08DE412A-9CD6-432F-83B8-B6A1998DF8FC}.Release|x64.Build.0 = Release|x64
		{08DE412A-9CD6-432F-83B8-B6A1998DF8FC}.Release|x86.ActiveCfg = Release|Win32
		{08DE412A-9CD6-432F-83B8-B6A1998DF8FC}.Release|x86.Build.0 = Release|Win32
	EndGlobalSection
	GlobalSection(SolutionProperties) = preSolution
		HideSolutionNode = FALSE
	EndGlobalSection
	GlobalSection(ExtensibilityGlobals) = postSolution
		SolutionGuid = {4F000661-578F-4EEA-9C9D-6B6468783389}
	EndGlobalSection
EndGlobal
